PODS:
  - Canvas (0.1.2)
  - ROGoogleTranslate (0.0.5)

DEPENDENCIES:
  - Canvas (~> 0.1)
  - ROGoogleTranslate

SPEC REPOS:
  https://github.com/cocoapods/specs.git:
    - Canvas
    - ROGoogleTranslate

SPEC CHECKSUMS:
  Canvas: eb861e3b555d032648146c8ffda1a5dea40059ca
  ROGoogleTranslate: 344d579487c21af1ae54138baa68605b861ba84e

PODFILE CHECKSUM: cbb9c5a7c6f9f6430380482292f0a3ec56d4ff4e

COCOAPODS: 1.7.5
